// !$*UTF8*$!
{
	archiveVersion = 1;
	classes = {
	};
	objectVersion = 55;
	objects = {

/* Begin PBXBuildFile section */
		D417509C2796E27800DC64BD /* UIColor- Extention.swift in Sources */ = {isa = PBXBuildFile; fileRef = D417509B2796E27800DC64BD /* UIColor- Extention.swift */; };
		D42B18532796A8AE00B95753 /* CardView.swift in Sources */ = {isa = PBXBuildFile; fileRef = D42B18522796A8AD00B95753 /* CardView.swift */; };
		D4A8466D278DB03800259C22 /* BottomUIView.swift in Sources */ = {isa = PBXBuildFile; fileRef = D4A8466C278DB03800259C22 /* BottomUIView.swift */; };
		D4A8466F278DBB3400259C22 /* UIImage - Extantion.swift in Sources */ = {isa = PBXBuildFile; fileRef = D4A8466E278DBB3400259C22 /* UIImage - Extantion.swift */; };
		D4E9790F278D852A006DE7D7 /* AppDelegate.swift in Sources */ = {isa = PBXBuildFile; fileRef = D4E9790E278D852A006DE7D7 /* AppDelegate.swift */; };
		D4E97911278D852A006DE7D7 /* SceneDelegate.swift in Sources */ = {isa = PBXBuildFile; fileRef = D4E97910278D852A006DE7D7 /* SceneDelegate.swift */; };
		D4E97913278D852A006DE7D7 /* MainViewController.swift in Sources */ = {isa = PBXBuildFile; fileRef = D4E97912278D852A006DE7D7 /* MainViewController.swift */; };
		D4E97916278D852A006DE7D7 /* Main.storyboard in Resources */ = {isa = PBXBuildFile; fileRef = D4E97914278D852A006DE7D7 /* Main.storyboard */; };
		D4E97918278D852D006DE7D7 /* Assets.xcassets in Resources */ = {isa = PBXBuildFile; fileRef = D4E97917278D852D006DE7D7 /* Assets.xcassets */; };
		D4E9791B278D852D006DE7D7 /* LaunchScreen.storyboard in Resources */ = {isa = PBXBuildFile; fileRef = D4E97919278D852D006DE7D7 /* LaunchScreen.storyboard */; };
		D4FDF2B12790510A00A81B61 /* TopControlView.swift in Sources */ = {isa = PBXBuildFile; fileRef = D4FDF2B02790510A00A81B61 /* TopControlView.swift */; };
		D4FDF2B427905AC000A81B61 /* RxCocoa in Frameworks */ = {isa = PBXBuildFile; productRef = D4FDF2B327905AC000A81B61 /* RxCocoa */; };
		D4FDF2B627905AC000A81B61 /* RxRelay in Frameworks */ = {isa = PBXBuildFile; productRef = D4FDF2B527905AC000A81B61 /* RxRelay */; };
		D4FDF2B827905AC000A81B61 /* RxSwift in Frameworks */ = {isa = PBXBuildFile; productRef = D4FDF2B727905AC000A81B61 /* RxSwift */; };
		D4FDF2BA2790756700A81B61 /* UIView - extension.swift in Sources */ = {isa = PBXBuildFile; fileRef = D4FDF2B92790756700A81B61 /* UIView - extension.swift */; };
		F7278344279EE5F900E22950 /* CardInfoLabel.swift in Sources */ = {isa = PBXBuildFile; fileRef = F7278343279EE5F900E22950 /* CardInfoLabel.swift */; };
		F7278346279EEB8100E22950 /* UIButton - Extansion.swift in Sources */ = {isa = PBXBuildFile; fileRef = F7278345279EEB8100E22950 /* UIButton - Extansion.swift */; };
		F7278348279EED2800E22950 /* CardImageView.swift in Sources */ = {isa = PBXBuildFile; fileRef = F7278347279EED2800E22950 /* CardImageView.swift */; };
/* End PBXBuildFile section */

/* Begin PBXFileReference section */
		D417509B2796E27800DC64BD /* UIColor- Extention.swift */ = {isa = PBXFileReference; lastKnownFileType = sourcecode.swift; path = "UIColor- Extention.swift"; sourceTree = "<group>"; };
		D42B18522796A8AD00B95753 /* CardView.swift */ = {isa = PBXFileReference; lastKnownFileType = sourcecode.swift; path = CardView.swift; sourceTree = "<group>"; };
		D4A8466C278DB03800259C22 /* BottomUIView.swift */ = {isa = PBXFileReference; lastKnownFileType = sourcecode.swift; path = BottomUIView.swift; sourceTree = "<group>"; };
		D4A8466E278DBB3400259C22 /* UIImage - Extantion.swift */ = {isa = PBXFileReference; lastKnownFileType = sourcecode.swift; path = "UIImage - Extantion.swift"; sourceTree = "<group>"; };
		D4E9790B278D852A006DE7D7 /* Tinder.app */ = {isa = PBXFileReference; explicitFileType = wrapper.application; includeInIndex = 0; path = Tinder.app; sourceTree = BUILT_PRODUCTS_DIR; };
		D4E9790E278D852A006DE7D7 /* AppDelegate.swift */ = {isa = PBXFileReference; lastKnownFileType = sourcecode.swift; path = AppDelegate.swift; sourceTree = "<group>"; };
		D4E97910278D852A006DE7D7 /* SceneDelegate.swift */ = {isa = PBXFileReference; lastKnownFileType = sourcecode.swift; path = SceneDelegate.swift; sourceTree = "<group>"; };
		D4E97912278D852A006DE7D7 /* MainViewController.swift */ = {isa = PBXFileReference; lastKnownFileType = sourcecode.swift; path = MainViewController.swift; sourceTree = "<group>"; };
		D4E97915278D852A006DE7D7 /* Base */ = {isa = PBXFileReference; lastKnownFileType = file.storyboard; name = Base; path = Base.lproj/Main.storyboard; sourceTree = "<group>"; };
		D4E97917278D852D006DE7D7 /* Assets.xcassets */ = {isa = PBXFileReference; lastKnownFileType = folder.assetcatalog; path = Assets.xcassets; sourceTree = "<group>"; };
		D4E9791A278D852D006DE7D7 /* Base */ = {isa = PBXFileReference; lastKnownFileType = file.storyboard; name = Base; path = Base.lproj/LaunchScreen.storyboard; sourceTree = "<group>"; };
		D4E9791C278D852D006DE7D7 /* Info.plist */ = {isa = PBXFileReference; lastKnownFileType = text.plist.xml; path = Info.plist; sourceTree = "<group>"; };
		D4FDF2B02790510A00A81B61 /* TopControlView.swift */ = {isa = PBXFileReference; lastKnownFileType = sourcecode.swift; path = TopControlView.swift; sourceTree = "<group>"; };
		D4FDF2B92790756700A81B61 /* UIView - extension.swift */ = {isa = PBXFileReference; lastKnownFileType = sourcecode.swift; path = "UIView - extension.swift"; sourceTree = "<group>"; };
		F7278343279EE5F900E22950 /* CardInfoLabel.swift */ = {isa = PBXFileReference; lastKnownFileType = sourcecode.swift; path = CardInfoLabel.swift; sourceTree = "<group>"; };
		F7278345279EEB8100E22950 /* UIButton - Extansion.swift */ = {isa = PBXFileReference; lastKnownFileType = sourcecode.swift; path = "UIButton - Extansion.swift"; sourceTree = "<group>"; };
		F7278347279EED2800E22950 /* CardImageView.swift */ = {isa = PBXFileReference; lastKnownFileType = sourcecode.swift; path = CardImageView.swift; sourceTree = "<group>"; };
/* End PBXFileReference section */

/* Begin PBXFrameworksBuildPhase section */
		D4E97908278D852A006DE7D7 /* Frameworks */ = {
			isa = PBXFrameworksBuildPhase;
			buildActionMask = 2147483647;
			files = (
				D4FDF2B827905AC000A81B61 /* RxSwift in Frameworks */,
				D4FDF2B627905AC000A81B61 /* RxRelay in Frameworks */,
				D4FDF2B427905AC000A81B61 /* RxCocoa in Frameworks */,
			);
			runOnlyForDeploymentPostprocessing = 0;
		};
/* End PBXFrameworksBuildPhase section */

/* Begin PBXGroup section */
		D4A8466A278DAFCF00259C22 /* Views */ = {
			isa = PBXGroup;
			children = (
				D42B18522796A8AD00B95753 /* CardView.swift */,
				D4A8466C278DB03800259C22 /* BottomUIView.swift */,
				D4FDF2B02790510A00A81B61 /* TopControlView.swift */,
				F7278343279EE5F900E22950 /* CardInfoLabel.swift */,
				F7278347279EED2800E22950 /* CardImageView.swift */,
			);
			path = Views;
			sourceTree = "<group>";
		};
		D4A8466B278DAFD900259C22 /* Controllers */ = {
			isa = PBXGroup;
			children = (
				D4E97912278D852A006DE7D7 /* MainViewController.swift */,
			);
			path = Controllers;
			sourceTree = "<group>";
		};
		D4A84670278DBB3F00259C22 /* Extantion */ = {
			isa = PBXGroup;
			children = (
				D4A8466E278DBB3400259C22 /* UIImage - Extantion.swift */,
				D417509B2796E27800DC64BD /* UIColor- Extention.swift */,
				D4FDF2B92790756700A81B61 /* UIView - extension.swift */,
				F7278345279EEB8100E22950 /* UIButton - Extansion.swift */,
			);
			path = Extantion;
			sourceTree = "<group>";
		};
		D4E97902278D8529006DE7D7 = {
			isa = PBXGroup;
			children = (
				D4E9790D278D852A006DE7D7 /* Tinder */,
				D4E9790C278D852A006DE7D7 /* Products */,
			);
			sourceTree = "<group>";
		};
		D4E9790C278D852A006DE7D7 /* Products */ = {
			isa = PBXGroup;
			children = (
				D4E9790B278D852A006DE7D7 /* Tinder.app */,
			);
			name = Products;
			sourceTree = "<group>";
		};
		D4E9790D278D852A006DE7D7 /* Tinder */ = {
			isa = PBXGroup;
			children = (
				D4E9790E278D852A006DE7D7 /* AppDelegate.swift */,
				D4E97910278D852A006DE7D7 /* SceneDelegate.swift */,
				D4A84670278DBB3F00259C22 /* Extantion */,
				D4A8466B278DAFD900259C22 /* Controllers */,
				D4A8466A278DAFCF00259C22 /* Views */,
				D4E97914278D852A006DE7D7 /* Main.storyboard */,
				D4E97917278D852D006DE7D7 /* Assets.xcassets */,
				D4E97919278D852D006DE7D7 /* LaunchScreen.storyboard */,
				D4E9791C278D852D006DE7D7 /* Info.plist */,
			);
			path = Tinder;
			sourceTree = "<group>";
		};
/* End PBXGroup section */

/* Begin PBXNativeTarget section */
		D4E9790A278D852A006DE7D7 /* Tinder */ = {
			isa = PBXNativeTarget;
			buildConfigurationList = D4E9791F278D852D006DE7D7 /* Build configuration list for PBXNativeTarget "Tinder" */;
			buildPhases = (
				D4E97907278D852A006DE7D7 /* Sources */,
				D4E97908278D852A006DE7D7 /* Frameworks */,
				D4E97909278D852A006DE7D7 /* Resources */,
			);
			buildRules = (
			);
			dependencies = (
			);
			name = Tinder;
			packageProductDependencies = (
				D4FDF2B327905AC000A81B61 /* RxCocoa */,
				D4FDF2B527905AC000A81B61 /* RxRelay */,
				D4FDF2B727905AC000A81B61 /* RxSwift */,
			);
			productName = Tinder;
			productReference = D4E9790B278D852A006DE7D7 /* Tinder.app */;
			productType = "com.apple.product-type.application";
		};
/* End PBXNativeTarget section */

/* Begin PBXProject section */
		D4E97903278D8529006DE7D7 /* Project object */ = {
			isa = PBXProject;
			attributes = {
				BuildIndependentTargetsInParallel = 1;
				LastSwiftUpdateCheck = 1300;
				LastUpgradeCheck = 1300;
				TargetAttributes = {
					D4E9790A278D852A006DE7D7 = {
						CreatedOnToolsVersion = 13.0;
					};
				};
			};
			buildConfigurationList = D4E97906278D8529006DE7D7 /* Build configuration list for PBXProject "Tinder" */;
			compatibilityVersion = "Xcode 13.0";
			developmentRegion = en;
			hasScannedForEncodings = 0;
			knownRegions = (
				en,
				Base,
			);
			mainGroup = D4E97902278D8529006DE7D7;
			packageReferences = (
				D4FDF2B227905ABF00A81B61 /* XCRemoteSwiftPackageReference "RxSwift" */,
			);
			productRefGroup = D4E9790C278D852A006DE7D7 /* Products */;
			projectDirPath = "";
			projectRoot = "";
			targets = (
				D4E9790A278D852A006DE7D7 /* Tinder */,
			);
		};
/* End PBXProject section */

/* Begin PBXResourcesBuildPhase section */
		D4E97909278D852A006DE7D7 /* Resources */ = {
			isa = PBXResourcesBuildPhase;
			buildActionMask = 2147483647;
			files = (
				D4E9791B278D852D006DE7D7 /* LaunchScreen.storyboard in Resources */,
				D4E97918278D852D006DE7D7 /* Assets.xcassets in Resources */,
				D4E97916278D852A006DE7D7 /* Main.storyboard in Resources */,
			);
			runOnlyForDeploymentPostprocessing = 0;
		};
/* End PBXResourcesBuildPhase section */

/* Begin PBXSourcesBuildPhase section */
		D4E97907278D852A006DE7D7 /* Sources */ = {
			isa = PBXSourcesBuildPhase;
			buildActionMask = 2147483647;
			files = (
				D417509C2796E27800DC64BD /* UIColor- Extention.swift in Sources */,
				D4FDF2B12790510A00A81B61 /* TopControlView.swift in Sources */,
				F7278346279EEB8100E22950 /* UIButton - Extansion.swift in Sources */,
				F7278344279EE5F900E22950 /* CardInfoLabel.swift in Sources */,
				D4E97913278D852A006DE7D7 /* MainViewController.swift in Sources */,
				D4E9790F278D852A006DE7D7 /* AppDelegate.swift in Sources */,
				D4A8466F278DBB3400259C22 /* UIImage - Extantion.swift in Sources */,
				D4E97911278D852A006DE7D7 /* SceneDelegate.swift in Sources */,
				D4A8466D278DB03800259C22 /* BottomUIView.swift in Sources */,
				D42B18532796A8AE00B95753 /* CardView.swift in Sources */,
				F7278348279EED2800E22950 /* CardImageView.swift in Sources */,
				D4FDF2BA2790756700A81B61 /* UIView - extension.swift in Sources */,
			);
			runOnlyForDeploymentPostprocessing = 0;
		};
/* End PBXSourcesBuildPhase section */

/* Begin PBXVariantGroup section */
		D4E97914278D852A006DE7D7 /* Main.storyboard */ = {
			isa = PBXVariantGroup;
			children = (
				D4E97915278D852A006DE7D7 /* Base */,
			);
			name = Main.storyboard;
			sourceTree = "<group>";
		};
		D4E97919278D852D006DE7D7 /* LaunchScreen.storyboard */ = {
			isa = PBXVariantGroup;
			children = (
				D4E9791A278D852D006DE7D7 /* Base */,
			);
			name = LaunchScreen.storyboard;
			sourceTree = "<group>";
		};
/* End PBXVariantGroup section */

/* Begin XCBuildConfiguration section */
		D4E9791D278D852D006DE7D7 /* Debug */ = {
			isa = XCBuildConfiguration;
			buildSettings = {
				ALWAYS_SEARCH_USER_PATHS = NO;
				CLANG_ANALYZER_NONNULL = YES;
				CLANG_ANALYZER_NUMBER_OBJECT_CONVERSION = YES_AGGRESSIVE;
				CLANG_CXX_LANGUAGE_STANDARD = "gnu++17";
				CLANG_CXX_LIBRARY = "libc++";
				CLANG_ENABLE_MODULES = YES;
				CLANG_ENABLE_OBJC_ARC = YES;
				CLANG_ENABLE_OBJC_WEAK = YES;
				CLANG_WARN_BLOCK_CAPTURE_AUTORELEASING = YES;
				CLANG_WARN_BOOL_CONVERSION = YES;
				CLANG_WARN_COMMA = YES;
				CLANG_WARN_CONSTANT_CONVERSION = YES;
				CLANG_WARN_DEPRECATED_OBJC_IMPLEMENTATIONS = YES;
				CLANG_WARN_DIRECT_OBJC_ISA_USAGE = YES_ERROR;
				CLANG_WARN_DOCUMENTATION_COMMENTS = YES;
				CLANG_WARN_EMPTY_BODY = YES;
				CLANG_WARN_ENUM_CONVERSION = YES;
				CLANG_WARN_INFINITE_RECURSION = YES;
				CLANG_WARN_INT_CONVERSION = YES;
				CLANG_WARN_NON_LITERAL_NULL_CONVERSION = YES;
				CLANG_WARN_OBJC_IMPLICIT_RETAIN_SELF = YES;
				CLANG_WARN_OBJC_LITERAL_CONVERSION = YES;
				CLANG_WARN_OBJC_ROOT_CLASS = YES_ERROR;
				CLANG_WARN_QUOTED_INCLUDE_IN_FRAMEWORK_HEADER = YES;
				CLANG_WARN_RANGE_LOOP_ANALYSIS = YES;
				CLANG_WARN_STRICT_PROTOTYPES = YES;
				CLANG_WARN_SUSPICIOUS_MOVE = YES;
				CLANG_WARN_UNGUARDED_AVAILABILITY = YES_AGGRESSIVE;
				CLANG_WARN_UNREACHABLE_CODE = YES;
				CLANG_WARN__DUPLICATE_METHOD_MATCH = YES;
				COPY_PHASE_STRIP = NO;
				DEBUG_INFORMATION_FORMAT = dwarf;
				ENABLE_STRICT_OBJC_MSGSEND = YES;
				ENABLE_TESTABILITY = YES;
				GCC_C_LANGUAGE_STANDARD = gnu11;
				GCC_DYNAMIC_NO_PIC = NO;
				GCC_NO_COMMON_BLOCKS = YES;
				GCC_OPTIMIZATION_LEVEL = 0;
				GCC_PREPROCESSOR_DEFINITIONS = (
					"DEBUG=1",
					"$(inherited)",
				);
				GCC_WARN_64_TO_32_BIT_CONVERSION = YES;
				GCC_WARN_ABOUT_RETURN_TYPE = YES_ERROR;
				GCC_WARN_UNDECLARED_SELECTOR = YES;
				GCC_WARN_UNINITIALIZED_AUTOS = YES_AGGRESSIVE;
				GCC_WARN_UNUSED_FUNCTION = YES;
				GCC_WARN_UNUSED_VARIABLE = YES;
				IPHONEOS_DEPLOYMENT_TARGET = 15.0;
				MTL_ENABLE_DEBUG_INFO = INCLUDE_SOURCE;
				MTL_FAST_MATH = YES;
				ONLY_ACTIVE_ARCH = YES;
				SDKROOT = iphoneos;
				SWIFT_ACTIVE_COMPILATION_CONDITIONS = DEBUG;
				SWIFT_OPTIMIZATION_LEVEL = "-Onone";
			};
			name = Debug;
		};
		D4E9791E278D852D006DE7D7 /* Release */ = {
			isa = XCBuildConfiguration;
			buildSettings = {
				ALWAYS_SEARCH_USER_PATHS = NO;
				CLANG_ANALYZER_NONNULL = YES;
				CLANG_ANALYZER_NUMBER_OBJECT_CONVERSION = YES_AGGRESSIVE;
				CLANG_CXX_LANGUAGE_STANDARD = "gnu++17";
				CLANG_CXX_LIBRARY = "libc++";
				CLANG_ENABLE_MODULES = YES;
				CLANG_ENABLE_OBJC_ARC = YES;
				CLANG_ENABLE_OBJC_WEAK = YES;
				CLANG_WARN_BLOCK_CAPTURE_AUTORELEASING = YES;
				CLANG_WARN_BOOL_CONVERSION = YES;
				CLANG_WARN_COMMA = YES;
				CLANG_WARN_CONSTANT_CONVERSION = YES;
				CLANG_WARN_DEPRECATED_OBJC_IMPLEMENTATIONS = YES;
				CLANG_WARN_DIRECT_OBJC_ISA_USAGE = YES_ERROR;
				CLANG_WARN_DOCUMENTATION_COMMENTS = YES;
				CLANG_WARN_EMPTY_BODY = YES;
				CLANG_WARN_ENUM_CONVERSION = YES;
				CLANG_WARN_INFINITE_RECURSION = YES;
				CLANG_WARN_INT_CONVERSION = YES;
				CLANG_WARN_NON_LITERAL_NULL_CONVERSION = YES;
				CLANG_WARN_OBJC_IMPLICIT_RETAIN_SELF = YES;
				CLANG_WARN_OBJC_LITERAL_CONVERSION = YES;
				CLANG_WARN_OBJC_ROOT_CLASS = YES_ERROR;
				CLANG_WARN_QUOTED_INCLUDE_IN_FRAMEWORK_HEADER = YES;
				CLANG_WARN_RANGE_LOOP_ANALYSIS = YES;
				CLANG_WARN_STRICT_PROTOTYPES = YES;
				CLANG_WARN_SUSPICIOUS_MOVE = YES;
				CLANG_WARN_UNGUARDED_AVAILABILITY = YES_AGGRESSIVE;
				CLANG_WARN_UNREACHABLE_CODE = YES;
				CLANG_WARN__DUPLICATE_METHOD_MATCH = YES;
				COPY_PHASE_STRIP = NO;
				DEBUG_INFORMATION_FORMAT = "dwarf-with-dsym";
				ENABLE_NS_ASSERTIONS = NO;
				ENABLE_STRICT_OBJC_MSGSEND = YES;
				GCC_C_LANGUAGE_STANDARD = gnu11;
				GCC_NO_COMMON_BLOCKS = YES;
				GCC_WARN_64_TO_32_BIT_CONVERSION = YES;
				GCC_WARN_ABOUT_RETURN_TYPE = YES_ERROR;
				GCC_WARN_UNDECLARED_SELECTOR = YES;
				GCC_WARN_UNINITIALIZED_AUTOS = YES_AGGRESSIVE;
				GCC_WARN_UNUSED_FUNCTION = YES;
				GCC_WARN_UNUSED_VARIABLE = YES;
				IPHONEOS_DEPLOYMENT_TARGET = 15.0;
				MTL_ENABLE_DEBUG_INFO = NO;
				MTL_FAST_MATH = YES;
				SDKROOT = iphoneos;
				SWIFT_COMPILATION_MODE = wholemodule;
				SWIFT_OPTIMIZATION_LEVEL = "-O";
				VALIDATE_PRODUCT = YES;
			};
			name = Release;
		};
		D4E97920278D852D006DE7D7 /* Debug */ = {
			isa = XCBuildConfiguration;
			buildSettings = {
				ASSETCATALOG_COMPILER_APPICON_NAME = AppIcon;
				ASSETCATALOG_COMPILER_GLOBAL_ACCENT_COLOR_NAME = AccentColor;
				CODE_SIGN_STYLE = Automatic;
				CURRENT_PROJECT_VERSION = 1;
				DEVELOPMENT_TEAM = WFD78527Q4;
				GENERATE_INFOPLIST_FILE = YES;
				INFOPLIST_FILE = Tinder/Info.plist;
				INFOPLIST_KEY_UIApplicationSupportsIndirectInputEvents = YES;
				INFOPLIST_KEY_UILaunchStoryboardName = LaunchScreen;
				INFOPLIST_KEY_UISupportedInterfaceOrientations_iPad = "UIInterfaceOrientationPortrait UIInterfaceOrientationPortraitUpsideDown UIInterfaceOrientationLandscapeLeft UIInterfaceOrientationLandscapeRight";
				INFOPLIST_KEY_UISupportedInterfaceOrientations_iPhone = "UIInterfaceOrientationPortrait UIInterfaceOrientationLandscapeLeft UIInterfaceOrientationLandscapeRight";
				LD_RUNPATH_SEARCH_PATHS = (
					"$(inherited)",
					"@executable_path/Frameworks",
				);
				MARKETING_VERSION = 1.0;
				PRODUCT_BUNDLE_IDENTIFIER = com.example.IaKras.Tinder;
				PRODUCT_NAME = "$(TARGET_NAME)";
				SWIFT_EMIT_LOC_STRINGS = YES;
				SWIFT_VERSION = 5.0;
				TARGETED_DEVICE_FAMILY = "1,2";
			};
			name = Debug;
		};
		D4E97921278D852D006DE7D7 /* Release */ = {
			isa = XCBuildConfiguration;
			buildSettings = {
				ASSETCATALOG_COMPILER_APPICON_NAME = AppIcon;
				ASSETCATALOG_COMPILER_GLOBAL_ACCENT_COLOR_NAME = AccentColor;
				CODE_SIGN_STYLE = Automatic;
				CURRENT_PROJECT_VERSION = 1;
				DEVELOPMENT_TEAM = WFD78527Q4;
				GENERATE_INFOPLIST_FILE = YES;
				INFOPLIST_FILE = Tinder/Info.plist;
				INFOPLIST_KEY_UIApplicationSupportsIndirectInputEvents = YES;
				INFOPLIST_KEY_UILaunchStoryboardName = LaunchScreen;
				INFOPLIST_KEY_UISupportedInterfaceOrientations_iPad = "UIInterfaceOrientationPortrait UIInterfaceOrientationPortraitUpsideDown UIInterfaceOrientationLandscapeLeft UIInterfaceOrientationLandscapeRight";
				INFOPLIST_KEY_UISupportedInterfaceOrientations_iPhone = "UIInterfaceOrientationPortrait UIInterfaceOrientationLandscapeLeft UIInterfaceOrientationLandscapeRight";
				LD_RUNPATH_SEARCH_PATHS = (
					"$(inherited)",
					"@executable_path/Frameworks",
				);
				MARKETING_VERSION = 1.0;
				PRODUCT_BUNDLE_IDENTIFIER = com.example.IaKras.Tinder;
				PRODUCT_NAME = "$(TARGET_NAME)";
				SWIFT_EMIT_LOC_STRINGS = YES;
				SWIFT_VERSION = 5.0;
				TARGETED_DEVICE_FAMILY = "1,2";
			};
			name = Release;
		};
/* End XCBuildConfiguration section */

/* Begin XCConfigurationList section */
		D4E97906278D8529006DE7D7 /* Build configuration list for PBXProject "Tinder" */ = {
			isa = XCConfigurationList;
			buildConfigurations = (
				D4E9791D278D852D006DE7D7 /* Debug */,
				D4E9791E278D852D006DE7D7 /* Release */,
			);
			defaultConfigurationIsVisible = 0;
			defaultConfigurationName = Release;
		};
		D4E9791F278D852D006DE7D7 /* Build configuration list for PBXNativeTarget "Tinder" */ = {
			isa = XCConfigurationList;
			buildConfigurations = (
				D4E97920278D852D006DE7D7 /* Debug */,
				D4E97921278D852D006DE7D7 /* Release */,
			);
			defaultConfigurationIsVisible = 0;
			defaultConfigurationName = Release;
		};
/* End XCConfigurationList section */

/* Begin XCRemoteSwiftPackageReference section */
		D4FDF2B227905ABF00A81B61 /* XCRemoteSwiftPackageReference "RxSwift" */ = {
			isa = XCRemoteSwiftPackageReference;
			repositoryURL = "https://github.com/ReactiveX/RxSwift";
			requirement = {
				kind = exactVersion;
				version = 6.0.0;
			};
		};
/* End XCRemoteSwiftPackageReference section */

/* Begin XCSwiftPackageProductDependency section */
		D4FDF2B327905AC000A81B61 /* RxCocoa */ = {
			isa = XCSwiftPackageProductDependency;
			package = D4FDF2B227905ABF00A81B61 /* XCRemoteSwiftPackageReference "RxSwift" */;
			productName = RxCocoa;
		};
		D4FDF2B527905AC000A81B61 /* RxRelay */ = {
			isa = XCSwiftPackageProductDependency;
			package = D4FDF2B227905ABF00A81B61 /* XCRemoteSwiftPackageReference "RxSwift" */;
			productName = RxRelay;
		};
		D4FDF2B727905AC000A81B61 /* RxSwift */ = {
			isa = XCSwiftPackageProductDependency;
			package = D4FDF2B227905ABF00A81B61 /* XCRemoteSwiftPackageReference "RxSwift" */;
			productName = RxSwift;
		};
/* End XCSwiftPackageProductDependency section */
	};
	rootObject = D4E97903278D8529006DE7D7 /* Project object */;
}
